
Microsoft Visual Studio Solution File, Format Version 12.00
# Visual Studio Version 16
VisualStudioVersion = 16.0.31402.337
MinimumVisualStudioVersion = 10.0.40219.1
Project("{9A19103F-16F7-4668-BE54-9A1E7A4F7556}") = "AlgoTests", "ConsoleApp1\AlgoTests.csproj", "{FF5A2625-8FEF-4CCE-9573-9BD7800ACB31}"
EndProject
Global
	GlobalSection(SolutionConfigurationPlatforms) = preSolution
		Debug|Any CPU = Debug|Any CPU
		Release|Any CPU = Release|Any CPU
	EndGlobalSection
	GlobalSection(ProjectConfigurationPlatforms) = postSolution
		{FF5A2625-8FEF-4CCE-9573-9BD7800ACB31}.Debug|Any CPU.ActiveCfg = Debug|Any CPU
		{FF5A2625-8FEF-4CCE-9573-9BD7800ACB31}.Debug|Any CPU.Build.0 = Debug|Any CPU
		{FF5A2625-8FEF-4CCE-9573-9BD7800ACB31}.Release|Any CPU.ActiveCfg = Release|Any CPU
		{FF5A2625-8FEF-4CCE-9573-9BD7800ACB31}.Release|Any CPU.Build.0 = Release|Any CPU
	EndGlobalSection
	GlobalSection(SolutionProperties) = preSolution
		HideSolutionNode = FALSE
	EndGlobalSection
	GlobalSection(ExtensibilityGlobals) = postSolution
		SolutionGuid = {B2248E77-16B3-4848-B4B4-806259507FD5}
	EndGlobalSection
EndGlobal
